
Microsoft Visual Studio Solution File, Format Version 12.00
# Visual Studio 2013
VisualStudioVersion = 12.0.21005.1
MinimumVisualStudioVersion = 10.0.40219.1
Project("{8BC9CEB8-8B4A-11D0-8D11-00A0C91BC942}") = "Common", "Common\V1.1\Common\Common.vcxproj", "{11A35235-DD48-41E2-8F40-825C78024BC0}"
EndProject
Project("{8BC9CEB8-8B4A-11D0-8D11-00A0C91BC942}") = "D3DRender", "D3DRender\V1.1\D3DRender\D3DRender.vcxproj", "{A9602FA3-59F2-47EC-91A3-0D9168FD4DD8}"
EndProject
Project("{8BC9CEB8-8B4A-11D0-8D11-00A0C91BC942}") = "UltraliveApi", "UltraLiveApi\V1.1\UltraLiveApi\UltraliveApi.vcxproj", "{FC66170F-F475-408F-BA36-22F3E74744E4}"
EndProject
Project("{8BC9CEB8-8B4A-11D0-8D11-00A0C91BC942}") = "FilterPlugin", "FilterPlugin\V1.1\FilterPlugin\FilterPlugin.vcxproj", "{63CE3C9A-31DD-4B8B-B5FE-9B347A7A5BE0}"
EndProject
Project("{8BC9CEB8-8B4A-11D0-8D11-00A0C91BC942}") = "VideoSourcePluginFFmpeg", "VideoSourcePluginFFmpeg\V2.0\PluginFFmpeg\VideoSourcePluginFFmpeg.vcxproj", "{43F01921-65EB-4225-95AE-7CF84E992DD5}"
EndProject
Project("{8BC9CEB8-8B4A-11D0-8D11-00A0C91BC942}") = "DateTime", "DateTime\V1.1\DateTime\DateTime.vcxproj", "{E550B583-1F6D-4543-ADC5-1A1D1460A016}"
EndProject
Project("{8BC9CEB8-8B4A-11D0-8D11-00A0C91BC942}") = "AgentPlugin", "AgentPlugin\V1.1\AgentPlugin\AgentPlugin.vcxproj", "{DB0A9B3A-AFB5-4114-A236-C59BCF238D45}"
	ProjectSection(ProjectDependencies) = postProject
		{FC66170F-F475-408F-BA36-22F3E74744E4} = {FC66170F-F475-408F-BA36-22F3E74744E4}
		{11A35235-DD48-41E2-8F40-825C78024BC0} = {11A35235-DD48-41E2-8F40-825C78024BC0}
		{A9602FA3-59F2-47EC-91A3-0D9168FD4DD8} = {A9602FA3-59F2-47EC-91A3-0D9168FD4DD8}
	EndProjectSection
EndProject
Project("{8BC9CEB8-8B4A-11D0-8D11-00A0C91BC942}") = "WindowCapturePlugin", "WindowCapturePlugin\V1.1\WindowCapturePlugin\WindowCapturePlugin.vcxproj", "{F27311E2-D664-44EF-8001-CF67A68EC626}"
EndProject
Project("{8BC9CEB8-8B4A-11D0-8D11-00A0C91BC942}") = "VideoLivePlugin", "VideoLivePlugin\V1.1\PluginFFmpeg\VideoLivePlugin.vcxproj", "{55D704F4-1AEB-4FF4-A83F-D26B8B96A0DC}"
EndProject
Project("{8BC9CEB8-8B4A-11D0-8D11-00A0C91BC942}") = "NvEncode", "NvEncode\NvEncode\NvEncode.vcxproj", "{1C22F242-9E1B-447F-B299-44750DF412D9}"
EndProject
Project("{8BC9CEB8-8B4A-11D0-8D11-00A0C91BC942}") = "NvDecode", "NvDecodeCUDA\NvEncode\NvDecode.vcxproj", "{77926C50-61BB-4D5E-BDDC-9F035761BEA1}"
EndProject
Project("{8BC9CEB8-8B4A-11D0-8D11-00A0C91BC942}") = "CloudLive", "CloudLive\CloudLive\1.0\CloudLive\CloudLive.vcxproj", "{A56B3FC9-0A5F-48C0-B7C9-2FDC9113C5FA}"
EndProject
Global
	GlobalSection(SolutionConfigurationPlatforms) = preSolution
		Debug|Mixed Platforms = Debug|Mixed Platforms
		Debug|Win32 = Debug|Win32
		Debug|x64 = Debug|x64
		Release|Mixed Platforms = Release|Mixed Platforms
		Release|Win32 = Release|Win32
		Release|x64 = Release|x64
	EndGlobalSection
	GlobalSection(ProjectConfigurationPlatforms) = postSolution
		{11A35235-DD48-41E2-8F40-825C78024BC0}.Debug|Mixed Platforms.ActiveCfg = Debug|Win32
		{11A35235-DD48-41E2-8F40-825C78024BC0}.Debug|Mixed Platforms.Build.0 = Debug|Win32
		{11A35235-DD48-41E2-8F40-825C78024BC0}.Debug|Win32.ActiveCfg = Debug|Win32
		{11A35235-DD48-41E2-8F40-825C78024BC0}.Debug|Win32.Build.0 = Debug|Win32
		{11A35235-DD48-41E2-8F40-825C78024BC0}.Debug|x64.ActiveCfg = Debug|x64
		{11A35235-DD48-41E2-8F40-825C78024BC0}.Debug|x64.Build.0 = Debug|x64
		{11A35235-DD48-41E2-8F40-825C78024BC0}.Release|Mixed Platforms.ActiveCfg = Release|Win32
		{11A35235-DD48-41E2-8F40-825C78024BC0}.Release|Mixed Platforms.Build.0 = Release|Win32
		{11A35235-DD48-41E2-8F40-825C78024BC0}.Release|Win32.ActiveCfg = Release|Win32
		{11A35235-DD48-41E2-8F40-825C78024BC0}.Release|Win32.Build.0 = Release|Win32
		{11A35235-DD48-41E2-8F40-825C78024BC0}.Release|x64.ActiveCfg = Release|x64
		{11A35235-DD48-41E2-8F40-825C78024BC0}.Release|x64.Build.0 = Release|x64
		{A9602FA3-59F2-47EC-91A3-0D9168FD4DD8}.Debug|Mixed Platforms.ActiveCfg = Debug|Win32
		{A9602FA3-59F2-47EC-91A3-0D9168FD4DD8}.Debug|Mixed Platforms.Build.0 = Debug|Win32
		{A9602FA3-59F2-47EC-91A3-0D9168FD4DD8}.Debug|Win32.ActiveCfg = Debug|Win32
		{A9602FA3-59F2-47EC-91A3-0D9168FD4DD8}.Debug|Win32.Build.0 = Debug|Win32
		{A9602FA3-59F2-47EC-91A3-0D9168FD4DD8}.Debug|x64.ActiveCfg = Debug|x64
		{A9602FA3-59F2-47EC-91A3-0D9168FD4DD8}.Debug|x64.Build.0 = Debug|x64
		{A9602FA3-59F2-47EC-91A3-0D9168FD4DD8}.Release|Mixed Platforms.ActiveCfg = Release|Win32
		{A9602FA3-59F2-47EC-91A3-0D9168FD4DD8}.Release|Mixed Platforms.Build.0 = Release|Win32
		{A9602FA3-59F2-47EC-91A3-0D9168FD4DD8}.Release|Win32.ActiveCfg = Release|Win32
		{A9602FA3-59F2-47EC-91A3-0D9168FD4DD8}.Release|Win32.Build.0 = Release|Win32
		{A9602FA3-59F2-47EC-91A3-0D9168FD4DD8}.Release|x64.ActiveCfg = Release|x64
		{A9602FA3-59F2-47EC-91A3-0D9168FD4DD8}.Release|x64.Build.0 = Release|x64
		{FC66170F-F475-408F-BA36-22F3E74744E4}.Debug|Mixed Platforms.ActiveCfg = Debug|Win32
		{FC66170F-F475-408F-BA36-22F3E74744E4}.Debug|Mixed Platforms.Build.0 = Debug|Win32
		{FC66170F-F475-408F-BA36-22F3E74744E4}.Debug|Win32.ActiveCfg = Debug|Win32
		{FC66170F-F475-408F-BA36-22F3E74744E4}.Debug|Win32.Build.0 = Debug|Win32
		{FC66170F-F475-408F-BA36-22F3E74744E4}.Debug|x64.ActiveCfg = Debug|Win32
		{FC66170F-F475-408F-BA36-22F3E74744E4}.Release|Mixed Platforms.ActiveCfg = Release|Win32
		{FC66170F-F475-408F-BA36-22F3E74744E4}.Release|Mixed Platforms.Build.0 = Release|Win32
		{FC66170F-F475-408F-BA36-22F3E74744E4}.Release|Win32.ActiveCfg = Release|Win32
		{FC66170F-F475-408F-BA36-22F3E74744E4}.Release|Win32.Build.0 = Release|Win32
		{FC66170F-F475-408F-BA36-22F3E74744E4}.Release|x64.ActiveCfg = Release|x64
		{FC66170F-F475-408F-BA36-22F3E74744E4}.Release|x64.Build.0 = Release|x64
		{63CE3C9A-31DD-4B8B-B5FE-9B347A7A5BE0}.Debug|Mixed Platforms.ActiveCfg = Debug|Win32
		{63CE3C9A-31DD-4B8B-B5FE-9B347A7A5BE0}.Debug|Mixed Platforms.Build.0 = Debug|Win32
		{63CE3C9A-31DD-4B8B-B5FE-9B347A7A5BE0}.Debug|Win32.ActiveCfg = Debug|Win32
		{63CE3C9A-31DD-4B8B-B5FE-9B347A7A5BE0}.Debug|Win32.Build.0 = Debug|Win32
		{63CE3C9A-31DD-4B8B-B5FE-9B347A7A5BE0}.Debug|x64.ActiveCfg = Debug|Win32
		{63CE3C9A-31DD-4B8B-B5FE-9B347A7A5BE0}.Release|Mixed Platforms.ActiveCfg = Release|Win32
		{63CE3C9A-31DD-4B8B-B5FE-9B347A7A5BE0}.Release|Mixed Platforms.Build.0 = Release|Win32
		{63CE3C9A-31DD-4B8B-B5FE-9B347A7A5BE0}.Release|Win32.ActiveCfg = Release|Win32
		{63CE3C9A-31DD-4B8B-B5FE-9B347A7A5BE0}.Release|Win32.Build.0 = Release|Win32
		{63CE3C9A-31DD-4B8B-B5FE-9B347A7A5BE0}.Release|x64.ActiveCfg = Release|x64
		{63CE3C9A-31DD-4B8B-B5FE-9B347A7A5BE0}.Release|x64.Build.0 = Release|x64
		{43F01921-65EB-4225-95AE-7CF84E992DD5}.Debug|Mixed Platforms.ActiveCfg = Debug|Win32
		{43F01921-65EB-4225-95AE-7CF84E992DD5}.Debug|Mixed Platforms.Build.0 = Debug|Win32
		{43F01921-65EB-4225-95AE-7CF84E992DD5}.Debug|Win32.ActiveCfg = Debug|Win32
		{43F01921-65EB-4225-95AE-7CF84E992DD5}.Debug|Win32.Build.0 = Debug|Win32
		{43F01921-65EB-4225-95AE-7CF84E992DD5}.Debug|x64.ActiveCfg = Debug|x64
		{43F01921-65EB-4225-95AE-7CF84E992DD5}.Debug|x64.Build.0 = Debug|x64
		{43F01921-65EB-4225-95AE-7CF84E992DD5}.Release|Mixed Platforms.ActiveCfg = Release|Win32
		{43F01921-65EB-4225-95AE-7CF84E992DD5}.Release|Mixed Platforms.Build.0 = Release|Win32
		{43F01921-65EB-4225-95AE-7CF84E992DD5}.Release|Win32.ActiveCfg = Release|Win32
		{43F01921-65EB-4225-95AE-7CF84E992DD5}.Release|Win32.Build.0 = Release|Win32
		{43F01921-65EB-4225-95AE-7CF84E992DD5}.Release|x64.ActiveCfg = Release|x64
		{43F01921-65EB-4225-95AE-7CF84E992DD5}.Release|x64.Build.0 = Release|x64
		{E550B583-1F6D-4543-ADC5-1A1D1460A016}.Debug|Mixed Platforms.ActiveCfg = Debug|Win32
		{E550B583-1F6D-4543-ADC5-1A1D1460A016}.Debug|Mixed Platforms.Build.0 = Debug|Win32
		{E550B583-1F6D-4543-ADC5-1A1D1460A016}.Debug|Win32.ActiveCfg = Debug|Win32
		{E550B583-1F6D-4543-ADC5-1A1D1460A016}.Debug|Win32.Build.0 = Debug|Win32
		{E550B583-1F6D-4543-ADC5-1A1D1460A016}.Debug|x64.ActiveCfg = Debug|x64
		{E550B583-1F6D-4543-ADC5-1A1D1460A016}.Debug|x64.Build.0 = Debug|x64
		{E550B583-1F6D-4543-ADC5-1A1D1460A016}.Release|Mixed Platforms.ActiveCfg = Release|Win32
		{E550B583-1F6D-4543-ADC5-1A1D1460A016}.Release|Mixed Platforms.Build.0 = Release|Win32
		{E550B583-1F6D-4543-ADC5-1A1D1460A016}.Release|Win32.ActiveCfg = Release|Win32
		{E550B583-1F6D-4543-ADC5-1A1D1460A016}.Release|Win32.Build.0 = Release|Win32
		{E550B583-1F6D-4543-ADC5-1A1D1460A016}.Release|x64.ActiveCfg = Release|x64
		{E550B583-1F6D-4543-ADC5-1A1D1460A016}.Release|x64.Build.0 = Release|x64
		{DB0A9B3A-AFB5-4114-A236-C59BCF238D45}.Debug|Mixed Platforms.ActiveCfg = Debug|Win32
		{DB0A9B3A-AFB5-4114-A236-C59BCF238D45}.Debug|Mixed Platforms.Build.0 = Debug|Win32
		{DB0A9B3A-AFB5-4114-A236-C59BCF238D45}.Debug|Win32.ActiveCfg = Debug|Win32
		{DB0A9B3A-AFB5-4114-A236-C59BCF238D45}.Debug|Win32.Build.0 = Debug|Win32
		{DB0A9B3A-AFB5-4114-A236-C59BCF238D45}.Debug|x64.ActiveCfg = Debug|Win32
		{DB0A9B3A-AFB5-4114-A236-C59BCF238D45}.Release|Mixed Platforms.ActiveCfg = Release|Win32
		{DB0A9B3A-AFB5-4114-A236-C59BCF238D45}.Release|Mixed Platforms.Build.0 = Release|Win32
		{DB0A9B3A-AFB5-4114-A236-C59BCF238D45}.Release|Win32.ActiveCfg = Release|Win32
		{DB0A9B3A-AFB5-4114-A236-C59BCF238D45}.Release|Win32.Build.0 = Release|Win32
		{DB0A9B3A-AFB5-4114-A236-C59BCF238D45}.Release|x64.ActiveCfg = Release|x64
		{F27311E2-D664-44EF-8001-CF67A68EC626}.Debug|Mixed Platforms.ActiveCfg = Debug|Win32
		{F27311E2-D664-44EF-8001-CF67A68EC626}.Debug|Mixed Platforms.Build.0 = Debug|Win32
		{F27311E2-D664-44EF-8001-CF67A68EC626}.Debug|Win32.ActiveCfg = Debug|Win32
		{F27311E2-D664-44EF-8001-CF67A68EC626}.Debug|Win32.Build.0 = Debug|Win32
		{F27311E2-D664-44EF-8001-CF67A68EC626}.Debug|x64.ActiveCfg = Debug|x64
		{F27311E2-D664-44EF-8001-CF67A68EC626}.Debug|x64.Build.0 = Debug|x64
		{F27311E2-D664-44EF-8001-CF67A68EC626}.Release|Mixed Platforms.ActiveCfg = Release|Win32
		{F27311E2-D664-44EF-8001-CF67A68EC626}.Release|Mixed Platforms.Build.0 = Release|Win32
		{F27311E2-D664-44EF-8001-CF67A68EC626}.Release|Win32.ActiveCfg = Release|Win32
		{F27311E2-D664-44EF-8001-CF67A68EC626}.Release|Win32.Build.0 = Release|Win32
		{F27311E2-D664-44EF-8001-CF67A68EC626}.Release|x64.ActiveCfg = Release|x64
		{F27311E2-D664-44EF-8001-CF67A68EC626}.Release|x64.Build.0 = Release|x64
		{55D704F4-1AEB-4FF4-A83F-D26B8B96A0DC}.Debug|Mixed Platforms.ActiveCfg = Debug|Win32
		{55D704F4-1AEB-4FF4-A83F-D26B8B96A0DC}.Debug|Mixed Platforms.Build.0 = Debug|Win32
		{55D704F4-1AEB-4FF4-A83F-D26B8B96A0DC}.Debug|Win32.ActiveCfg = Debug|Win32
		{55D704F4-1AEB-4FF4-A83F-D26B8B96A0DC}.Debug|Win32.Build.0 = Debug|Win32
		{55D704F4-1AEB-4FF4-A83F-D26B8B96A0DC}.Debug|x64.ActiveCfg = Debug|x64
		{55D704F4-1AEB-4FF4-A83F-D26B8B96A0DC}.Debug|x64.Build.0 = Debug|x64
		{55D704F4-1AEB-4FF4-A83F-D26B8B96A0DC}.Release|Mixed Platforms.ActiveCfg = Release|Win32
		{55D704F4-1AEB-4FF4-A83F-D26B8B96A0DC}.Release|Mixed Platforms.Build.0 = Release|Win32
		{55D704F4-1AEB-4FF4-A83F-D26B8B96A0DC}.Release|Win32.ActiveCfg = Release|Win32
		{55D704F4-1AEB-4FF4-A83F-D26B8B96A0DC}.Release|Win32.Build.0 = Release|Win32
		{55D704F4-1AEB-4FF4-A83F-D26B8B96A0DC}.Release|x64.ActiveCfg = Release|x64
		{55D704F4-1AEB-4FF4-A83F-D26B8B96A0DC}.Release|x64.Build.0 = Release|x64
		{1C22F242-9E1B-447F-B299-44750DF412D9}.Debug|Mixed Platforms.ActiveCfg = Debug|Win32
		{1C22F242-9E1B-447F-B299-44750DF412D9}.Debug|Mixed Platforms.Build.0 = Debug|Win32
		{1C22F242-9E1B-447F-B299-44750DF412D9}.Debug|Win32.ActiveCfg = Debug|Win32
		{1C22F242-9E1B-447F-B299-44750DF412D9}.Debug|Win32.Build.0 = Debug|Win32
		{1C22F242-9E1B-447F-B299-44750DF412D9}.Debug|x64.ActiveCfg = Debug|x64
		{1C22F242-9E1B-447F-B299-44750DF412D9}.Debug|x64.Build.0 = Debug|x64
		{1C22F242-9E1B-447F-B299-44750DF412D9}.Release|Mixed Platforms.ActiveCfg = Release|Win32
		{1C22F242-9E1B-447F-B299-44750DF412D9}.Release|Mixed Platforms.Build.0 = Release|Win32
		{1C22F242-9E1B-447F-B299-44750DF412D9}.Release|Win32.ActiveCfg = Release|Win32
		{1C22F242-9E1B-447F-B299-44750DF412D9}.Release|Win32.Build.0 = Release|Win32
		{1C22F242-9E1B-447F-B299-44750DF412D9}.Release|x64.ActiveCfg = Release|x64
		{1C22F242-9E1B-447F-B299-44750DF412D9}.Release|x64.Build.0 = Release|x64
		{77926C50-61BB-4D5E-BDDC-9F035761BEA1}.Debug|Mixed Platforms.ActiveCfg = Debug|Win32
		{77926C50-61BB-4D5E-BDDC-9F035761BEA1}.Debug|Mixed Platforms.Build.0 = Debug|Win32
		{77926C50-61BB-4D5E-BDDC-9F035761BEA1}.Debug|Win32.ActiveCfg = Debug|Win32
		{77926C50-61BB-4D5E-BDDC-9F035761BEA1}.Debug|Win32.Build.0 = Debug|Win32
		{77926C50-61BB-4D5E-BDDC-9F035761BEA1}.Debug|x64.ActiveCfg = Debug|x64
		{77926C50-61BB-4D5E-BDDC-9F035761BEA1}.Debug|x64.Build.0 = Debug|x64
		{77926C50-61BB-4D5E-BDDC-9F035761BEA1}.Release|Mixed Platforms.ActiveCfg = Release|Win32
		{77926C50-61BB-4D5E-BDDC-9F035761BEA1}.Release|Mixed Platforms.Build.0 = Release|Win32
		{77926C50-61BB-4D5E-BDDC-9F035761BEA1}.Release|Win32.ActiveCfg = Release|Win32
		{77926C50-61BB-4D5E-BDDC-9F035761BEA1}.Release|Win32.Build.0 = Release|Win32
		{77926C50-61BB-4D5E-BDDC-9F035761BEA1}.Release|x64.ActiveCfg = Release|x64
		{77926C50-61BB-4D5E-BDDC-9F035761BEA1}.Release|x64.Build.0 = Release|x64
		{A56B3FC9-0A5F-48C0-B7C9-2FDC9113C5FA}.Debug|Mixed Platforms.ActiveCfg = Debug|Win32
		{A56B3FC9-0A5F-48C0-B7C9-2FDC9113C5FA}.Debug|Mixed Platforms.Build.0 = Debug|Win32
		{A56B3FC9-0A5F-48C0-B7C9-2FDC9113C5FA}.Debug|Win32.ActiveCfg = Debug|Win32
		{A56B3FC9-0A5F-48C0-B7C9-2FDC9113C5FA}.Debug|Win32.Build.0 = Debug|Win32
		{A56B3FC9-0A5F-48C0-B7C9-2FDC9113C5FA}.Debug|x64.ActiveCfg = Debug|x64
		{A56B3FC9-0A5F-48C0-B7C9-2FDC9113C5FA}.Debug|x64.Build.0 = Debug|x64
		{A56B3FC9-0A5F-48C0-B7C9-2FDC9113C5FA}.Release|Mixed Platforms.ActiveCfg = Release|Win32
		{A56B3FC9-0A5F-48C0-B7C9-2FDC9113C5FA}.Release|Mixed Platforms.Build.0 = Release|Win32
		{A56B3FC9-0A5F-48C0-B7C9-2FDC9113C5FA}.Release|Win32.ActiveCfg = Release|Win32
		{A56B3FC9-0A5F-48C0-B7C9-2FDC9113C5FA}.Release|Win32.Build.0 = Release|Win32
		{A56B3FC9-0A5F-48C0-B7C9-2FDC9113C5FA}.Release|x64.ActiveCfg = Release|x64
		{A56B3FC9-0A5F-48C0-B7C9-2FDC9113C5FA}.Release|x64.Build.0 = Release|x64
	EndGlobalSection
	GlobalSection(SolutionProperties) = preSolution
		HideSolutionNode = FALSE
	EndGlobalSection
EndGlobal
